
Microsoft Visual Studio Solution File, Format Version 12.00
# Visual Studio Version 16
VisualStudioVersion = 16.0.29306.81
MinimumVisualStudioVersion = 10.0.40219.1
Project("{FAE04EC0-301F-11D3-BF4B-00C04F79EFBC}") = "Layout", "Layout.csproj", "{7348105E-8C5A-4181-804F-5EDF25185133}"
EndProject
Global
	GlobalSection(SolutionConfigurationPlatforms) = preSolution
		Debug|Any CPU = Debug|Any CPU
		Release|Any CPU = Release|Any CPU
	EndGlobalSection
	GlobalSection(ProjectConfigurationPlatforms) = postSolution
		{7348105E-8C5A-4181-804F-5EDF25185133}.Debug|Any CPU.ActiveCfg = Debug|Any CPU
		{7348105E-8C5A-4181-804F-5EDF25185133}.Release|Any CPU.ActiveCfg = Release|Any CPU
		{7348105E-8C5A-4181-804F-5EDF25185133}.Release|Any CPU.Build.0 = Release|Any CPU
	EndGlobalSection
	GlobalSection(SolutionProperties) = preSolution
		HideSolutionNode = FALSE
	EndGlobalSection
	GlobalSection(ExtensibilityGlobals) = postSolution
		SolutionGuid = {3E3A5CDB-FE65-4AFA-BA4D-556BC3EC50F2}
	EndGlobalSection
EndGlobal
